
Microsoft Visual Studio Solution File, Format Version 12.00
# Visual Studio Version 17
VisualStudioVersion = 17.3.32929.385
MinimumVisualStudioVersion = 10.0.40219.1
Project("{FAE04EC0-301F-11D3-BF4B-00C04F79EFBC}") = "Inchidere Proces", "Inchidere Proces\Inchidere Proces.csproj", "{18722C12-77FD-45C7-8B85-8C0742EF9C64}"
EndProject
Global
	GlobalSection(SolutionConfigurationPlatforms) = preSolution
		Debug|Any CPU = Debug|Any CPU
		Release|Any CPU = Release|Any CPU
	EndGlobalSection
	GlobalSection(ProjectConfigurationPlatforms) = postSolution
		{18722C12-77FD-45C7-8B85-8C0742EF9C64}.Debug|Any CPU.ActiveCfg = Debug|Any CPU
		{18722C12-77FD-45C7-8B85-8C0742EF9C64}.Debug|Any CPU.Build.0 = Debug|Any CPU
		{18722C12-77FD-45C7-8B85-8C0742EF9C64}.Release|Any CPU.ActiveCfg = Release|Any CPU
		{18722C12-77FD-45C7-8B85-8C0742EF9C64}.Release|Any CPU.Build.0 = Release|Any CPU
	EndGlobalSection
	GlobalSection(SolutionProperties) = preSolution
		HideSolutionNode = FALSE
	EndGlobalSection
	GlobalSection(ExtensibilityGlobals) = postSolution
		SolutionGuid = {5C082DB1-D6F2-4BC3-8708-7A5CA6F9F04B}
	EndGlobalSection
EndGlobal
